
Microsoft Visual Studio Solution File, Format Version 12.00
# Visual Studio 15
VisualStudioVersion = 15.0.28307.852
MinimumVisualStudioVersion = 10.0.40219.1
Project("{FAE04EC0-301F-11D3-BF4B-00C04F79EFBC}") = "Fideliz_Cad", "Fideliz_Cad\Fideliz_Cad.csproj", "{D2CA8F2C-8479-46D1-8854-56EB7BBBAC25}"
EndProject
Global
	GlobalSection(SolutionConfigurationPlatforms) = preSolution
		Debug|Any CPU = Debug|Any CPU
		Release|Any CPU = Release|Any CPU
	EndGlobalSection
	GlobalSection(ProjectConfigurationPlatforms) = postSolution
		{D2CA8F2C-8479-46D1-8854-56EB7BBBAC25}.Debug|Any CPU.ActiveCfg = Debug|Any CPU
		{D2CA8F2C-8479-46D1-8854-56EB7BBBAC25}.Debug|Any CPU.Build.0 = Debug|Any CPU
		{D2CA8F2C-8479-46D1-8854-56EB7BBBAC25}.Release|Any CPU.ActiveCfg = Release|Any CPU
		{D2CA8F2C-8479-46D1-8854-56EB7BBBAC25}.Release|Any CPU.Build.0 = Release|Any CPU
	EndGlobalSection
	GlobalSection(SolutionProperties) = preSolution
		HideSolutionNode = FALSE
	EndGlobalSection
	GlobalSection(ExtensibilityGlobals) = postSolution
		SolutionGuid = {68D2B76B-2CE7-49B4-AEB8-21D6B155CEB4}
	EndGlobalSection
EndGlobal
